{
  "name": "just",
  "version": "1.0.0",
  "lockfileVersion": 1,
  "requires": true,
  "dependencies": {
    "@napi-rs/triples": {
      "version": "1.1.0",
      "resolved": "https://registry.npmjs.org/@napi-rs/triples/-/triples-1.1.0.tgz",
      "integrity": "sha512-XQr74QaLeMiqhStEhLn1im9EOMnkypp7MZOwQhGzqp2Weu5eQJbpPxWxixxlYRKWPOmJjsk6qYfYH9kq43yc2w=="
    },
    "@node-rs/helper": {
      "version": "1.3.3",
      "resolved": "https://registry.npmjs.org/@node-rs/helper/-/helper-1.3.3.tgz",
      "integrity": "sha512-p4OdfQObGN9YFy5WZaGwlPYICQSe7xZYyXB0sxREmvj1HzGKp5bPg2PlfgfMZEfnjIA882B9ZrnagYzZihIwjA==",
      "requires": {
        "@napi-rs/triples": "^1.1.0"
      }
    },
    "@swc-node/core": {
      "version": "1.8.2",
      "resolved": "https://registry.npmjs.org/@swc-node/core/-/core-1.8.2.tgz",
      "integrity": "sha512-IoJ7tGHQ6JOMSmFe4VhP64uLmFKMNasS0QEgUrLFQ0h/dTvpQMynnoGBEJoPL6LfsebZ/q4uKqbpWrth6/yrAA==",
      "requires": {
        "@swc/core": "^1.2.119"
      }
    },
    "@swc-node/register": {
      "version": "1.4.2",
      "resolved": "https://registry.npmjs.org/@swc-node/register/-/register-1.4.2.tgz",
      "integrity": "sha512-wLZz0J7BTO//1Eq7e4eBQjKF380Hr2eVemz849msQSKcVM1D7UJUt/dP2TinEVGx++/BXJ/0q37i6n9Iw0EM0w==",
      "requires": {
        "@swc-node/core": "^1.8.2",
        "@swc-node/sourcemap-support": "^0.1.11",
        "chalk": "4",
        "debug": "^4.3.3",
        "pirates": "^4.0.4",
        "tslib": "^2.3.1",
        "typescript": "^4.5.3"
      }
    },
    "@swc-node/sourcemap-support": {
      "version": "0.1.11",
      "resolved": "https://registry.npmjs.org/@swc-node/sourcemap-support/-/sourcemap-support-0.1.11.tgz",
      "integrity": "sha512-b+Mn3oQl+7nUSt7hPzIbY9B30YhcFo1PT4kd9P4QmD6raycmIealOAhAdZID/JevphzsOXHQB4OqJm7Yi5tMcA==",
      "requires": {
        "source-map-support": "^0.5.21"
      }
    },
    "@swc/core": {
      "version": "1.2.130",
      "resolved": "https://registry.npmjs.org/@swc/core/-/core-1.2.130.tgz",
      "integrity": "sha512-Lv5nXiCFq+X1JDdwIkmBvx4cGJUdzmKCQ69OG6Zot1ArpEr3Smcfcc5oPcuKqQ7su2ATfP0tjMYbkM0CVO94cg==",
      "requires": {
        "@node-rs/helper": "^1.0.0",
        "@swc/core-android-arm-eabi": "1.2.130",
        "@swc/core-android-arm64": "1.2.130",
        "@swc/core-darwin-arm64": "1.2.130",
        "@swc/core-darwin-x64": "1.2.130",
        "@swc/core-freebsd-x64": "1.2.130",
        "@swc/core-linux-arm-gnueabihf": "1.2.130",
        "@swc/core-linux-arm64-gnu": "1.2.130",
        "@swc/core-linux-arm64-musl": "1.2.130",
        "@swc/core-linux-x64-gnu": "1.2.130",
        "@swc/core-linux-x64-musl": "1.2.130",
        "@swc/core-win32-arm64-msvc": "1.2.130",
        "@swc/core-win32-ia32-msvc": "1.2.130",
        "@swc/core-win32-x64-msvc": "1.2.130"
      }
    },
    "@swc/core-android-arm-eabi": {
      "version": "1.2.130",
      "resolved": "https://registry.npmjs.org/@swc/core-android-arm-eabi/-/core-android-arm-eabi-1.2.130.tgz",
      "integrity": "sha512-abwA4y7+I5nP+nUtQ+n8x2+9dca2h2QOZNPC5IfauZbO9ETKNAsHHHMS5nrVRkCO/hgiDZKfi+CJhP2OmUH+RQ==",
      "optional": true
    },
    "@swc/core-android-arm64": {
      "version": "1.2.130",
      "resolved": "https://registry.npmjs.org/@swc/core-android-arm64/-/core-android-arm64-1.2.130.tgz",
      "integrity": "sha512-OnJrK1Pbfv4h3RT3MA1s7TzQCV06lEhp5ZGpdQ6ycTn4/teEmUYZ3J+tzoHjsSp74rciTm+bb/scSyB92SQo5A==",
      "optional": true
    },
    "@swc/core-darwin-arm64": {
      "version": "1.2.130",
      "resolved": "https://registry.npmjs.org/@swc/core-darwin-arm64/-/core-darwin-arm64-1.2.130.tgz",
      "integrity": "sha512-VXPWU+I3lspDeGG1UWh5Up8pp38ZnkUsMWzSCtTJOQxLYxPOILuvadQgfz4QSo+npnxm4Af6k1oiMRSCOTwuNA==",
      "optional": true
    },
    "@swc/core-darwin-x64": {
      "version": "1.2.130",
      "resolved": "https://registry.npmjs.org/@swc/core-darwin-x64/-/core-darwin-x64-1.2.130.tgz",
      "integrity": "sha512-M6vfYtCkvKdanlPJZjihi593h1sD6JSRjlPCN7y8746Pyd0HRWUunshU5I05mAJFSRlZKUCRah3iBTLySZrpVw==",
      "optional": true
    },
    "@swc/core-freebsd-x64": {
      "version": "1.2.130",
      "resolved": "https://registry.npmjs.org/@swc/core-freebsd-x64/-/core-freebsd-x64-1.2.130.tgz",
      "integrity": "sha512-LpjvfAGxsXCE3wXYWRWFrUsDZa8xngDpKzBVoOAxLEUQOl8TM+gFa+EBBQuhpStzP/BJhxru2VVCr8ry3bF6aA==",
      "optional": true
    },
    "@swc/core-linux-arm-gnueabihf": {
      "version": "1.2.130",
      "resolved": "https://registry.npmjs.org/@swc/core-linux-arm-gnueabihf/-/core-linux-arm-gnueabihf-1.2.130.tgz",
      "integrity": "sha512-ebmcc8tJOk1MNvOz/h3AJfWYdnYScxhlFBCwMMAwGFbCF7WgYApt6lA/+6G4BxDBxh7kyoOs+3lkcz4yzNVv8Q==",
      "optional": true
    },
    "@swc/core-linux-arm64-gnu": {
      "version": "1.2.130",
      "resolved": "https://registry.npmjs.org/@swc/core-linux-arm64-gnu/-/core-linux-arm64-gnu-1.2.130.tgz",
      "integrity": "sha512-jpUAqPM/cskT8dL9Gg7yn+Kkf9SNtGHgNO8l5YULJ0aryCQakv+Dx4u8ReanxMq+yGmb5A43gw9gKU7dWllcJQ==",
      "optional": true
    },
    "@swc/core-linux-arm64-musl": {
      "version": "1.2.130",
      "resolved": "https://registry.npmjs.org/@swc/core-linux-arm64-musl/-/core-linux-arm64-musl-1.2.130.tgz",
      "integrity": "sha512-HxYSAvFHoOIJThgD21IE0hUu4liDmzVOlx/GCy3mIC4cCa0Vg6b6ErtVslmB375u21WGtb7NSuMNaXo72Vo4AA==",
      "optional": true
    },
    "@swc/core-linux-x64-gnu": {
      "version": "1.2.130",
      "resolved": "https://registry.npmjs.org/@swc/core-linux-x64-gnu/-/core-linux-x64-gnu-1.2.130.tgz",
      "integrity": "sha512-GWiShYtTA7grTXMpZop3VVd/XmufXe7NyT3JLRut1hSA/ADyP4mgQyrlrJjU5QUqfxS2uCzFpe+hj7lFZXzV+Q==",
      "optional": true
    },
    "@swc/core-linux-x64-musl": {
      "version": "1.2.130",
      "resolved": "https://registry.npmjs.org/@swc/core-linux-x64-musl/-/core-linux-x64-musl-1.2.130.tgz",
      "integrity": "sha512-je+jttXdkipw+BxiuS8PHOn6pB/lIvJZSJW0ZOrzotXQzSf3fli/d2CgMidn9NUGO6x6Zt72VkJ8ahQ5mwnIhA==",
      "optional": true
    },
    "@swc/core-win32-arm64-msvc": {
      "version": "1.2.130",
      "resolved": "https://registry.npmjs.org/@swc/core-win32-arm64-msvc/-/core-win32-arm64-msvc-1.2.130.tgz",
      "integrity": "sha512-98/1Xv0AY3fzd+h40qeM7RMFtsq0zhn3380X1U7VKJaczEsv8CSuJfhCmHmXj8MZm9lUoRDsNFNYYHXSKr8CFA==",
      "optional": true
    },
    "@swc/core-win32-ia32-msvc": {
      "version": "1.2.130",
      "resolved": "https://registry.npmjs.org/@swc/core-win32-ia32-msvc/-/core-win32-ia32-msvc-1.2.130.tgz",
      "integrity": "sha512-XtZOMUmRNMfHN1SiS5U+T+njPe02YddNtrm8OBWd7JqL4xb/HkgL2dxY8gwfKHgrU+Gle8x7rE8sigR+c5uiJQ==",
      "optional": true
    },
    "@swc/core-win32-x64-msvc": {
      "version": "1.2.130",
      "resolved": "https://registry.npmjs.org/@swc/core-win32-x64-msvc/-/core-win32-x64-msvc-1.2.130.tgz",
      "integrity": "sha512-jLe345zzQPNBol96OHw6aKZZ5UfsWtaX5G0oFLv+3GzO5aZjsSNX6zMSUMMzLSCUS9PIXM/RidcPapZuVY1M3A==",
      "optional": true
    },
    "@swc/helpers": {
      "version": "0.3.2",
      "resolved": "https://registry.npmjs.org/@swc/helpers/-/helpers-0.3.2.tgz",
      "integrity": "sha512-qEru2uaH1vKZNCZR4rFCUZaflsBP7IWiGcIoQe22qi5tm+HEG/yPdhSba+ZCNTWk2xyYpx/nEFkncDY3orEx3w=="
    },
    "@types/node": {
      "version": "17.0.10",
      "resolved": "https://registry.npmjs.org/@types/node/-/node-17.0.10.tgz",
      "integrity": "sha512-S/3xB4KzyFxYGCppyDt68yzBU9ysL88lSdIah4D6cptdcltc4NCPCAMc0+PCpg/lLIyC7IPvj2Z52OJWeIUkog==",
      "dev": true
    },
    "ansi-styles": {
      "version": "4.3.0",
      "resolved": "https://registry.npmjs.org/ansi-styles/-/ansi-styles-4.3.0.tgz",
      "integrity": "sha512-zbB9rCJAT1rbjiVDb2hqKFHNYLxgtk8NURxZ3IZwD3F6NtxbXZQCnnSi1Lkx+IDohdPlFp222wVALIheZJQSEg==",
      "requires": {
        "color-convert": "^2.0.1"
      }
    },
    "buffer-from": {
      "version": "1.1.2",
      "resolved": "https://registry.npmjs.org/buffer-from/-/buffer-from-1.1.2.tgz",
      "integrity": "sha512-E+XQCRwSbaaiChtv6k6Dwgc+bx+Bs6vuKJHHl5kox/BaKbhiXzqQOwK4cO22yElGp2OCmjwVhT3HmxgyPGnJfQ=="
    },
    "chalk": {
      "version": "4.1.2",
      "resolved": "https://registry.npmjs.org/chalk/-/chalk-4.1.2.tgz",
      "integrity": "sha512-oKnbhFyRIXpUuez8iBMmyEa4nbj4IOQyuhc/wy9kY7/WVPcwIO9VA668Pu8RkO7+0G76SLROeyw9CpQ061i4mA==",
      "requires": {
        "ansi-styles": "^4.1.0",
        "supports-color": "^7.1.0"
      }
    },
    "color-convert": {
      "version": "2.0.1",
      "resolved": "https://registry.npmjs.org/color-convert/-/color-convert-2.0.1.tgz",
      "integrity": "sha512-RRECPsj7iu/xb5oKYcsFHSppFNnsj/52OVTRKb4zP5onXwVF3zVmmToNcOfGC+CRDpfK/U584fMg38ZHCaElKQ==",
      "requires": {
        "color-name": "~1.1.4"
      }
    },
    "color-name": {
      "version": "1.1.4",
      "resolved": "https://registry.npmjs.org/color-name/-/color-name-1.1.4.tgz",
      "integrity": "sha512-dOy+3AuW3a2wNbZHIuMZpTcgjGuLU/uBL/ubcZF9OXbDo8ff4O8yVp5Bf0efS8uEoYo5q4Fx7dY9OgQGXgAsQA=="
    },
    "commander": {
      "version": "8.3.0",
      "resolved": "https://registry.npmjs.org/commander/-/commander-8.3.0.tgz",
      "integrity": "sha512-OkTL9umf+He2DZkUq8f8J9of7yL6RJKI24dVITBmNfZBmri9zYZQrKkuXiKhyfPSu8tUhnVBB1iKXevvnlR4Ww=="
    },
    "debug": {
      "version": "4.3.3",
      "resolved": "https://registry.npmjs.org/debug/-/debug-4.3.3.tgz",
      "integrity": "sha512-/zxw5+vh1Tfv+4Qn7a5nsbcJKPaSvCDhojn6FEl9vupwK2VCSDtEiEtqr8DFtzYFOdz63LBkxec7DYuc2jon6Q==",
      "requires": {
        "ms": "2.1.2"
      }
    },
    "has-flag": {
      "version": "4.0.0",
      "resolved": "https://registry.npmjs.org/has-flag/-/has-flag-4.0.0.tgz",
      "integrity": "sha512-EykJT/Q1KjTWctppgIAgfSO0tKVuZUjhgMr17kqTumMl6Afv3EISleU7qZUzoXDFTAHTDC4NOoG/ZxU3EvlMPQ=="
    },
    "ms": {
      "version": "2.1.2",
      "resolved": "https://registry.npmjs.org/ms/-/ms-2.1.2.tgz",
      "integrity": "sha512-sGkPx+VjMtmA6MX27oA4FBFELFCZZ4S4XqeGOXCv68tT+jb3vk/RyaKWP0PTKyWtmLSM0b+adUTEvbs1PEaH2w=="
    },
    "pirates": {
      "version": "4.0.4",
      "resolved": "https://registry.npmjs.org/pirates/-/pirates-4.0.4.tgz",
      "integrity": "sha512-ZIrVPH+A52Dw84R0L3/VS9Op04PuQ2SEoJL6bkshmiTic/HldyW9Tf7oH5mhJZBK7NmDx27vSMrYEXPXclpDKw=="
    },
    "source-map": {
      "version": "0.6.1",
      "resolved": "https://registry.npmjs.org/source-map/-/source-map-0.6.1.tgz",
      "integrity": "sha512-UjgapumWlbMhkBgzT7Ykc5YXUT46F0iKu8SGXq0bcwP5dz/h0Plj6enJqjz1Zbq2l5WaqYnrVbwWOWMyF3F47g=="
    },
    "source-map-support": {
      "version": "0.5.21",
      "resolved": "https://registry.npmjs.org/source-map-support/-/source-map-support-0.5.21.tgz",
      "integrity": "sha512-uBHU3L3czsIyYXKX88fdrGovxdSCoTGDRZ6SYXtSRxLZUzHg5P/66Ht6uoUlHu9EZod+inXhKo3qQgwXUT/y1w==",
      "requires": {
        "buffer-from": "^1.0.0",
        "source-map": "^0.6.0"
      }
    },
    "supports-color": {
      "version": "7.2.0",
      "resolved": "https://registry.npmjs.org/supports-color/-/supports-color-7.2.0.tgz",
      "integrity": "sha512-qpCAvRl9stuOHveKsn7HncJRvv501qIacKzQlO/+Lwxc9+0q2wLyv4Dfvt80/DPn2pqOBsJdDiogXGR9+OvwRw==",
      "requires": {
        "has-flag": "^4.0.0"
      }
    },
    "tslib": {
      "version": "2.3.1",
      "resolved": "https://registry.npmjs.org/tslib/-/tslib-2.3.1.tgz",
      "integrity": "sha512-77EbyPPpMz+FRFRuAFlWMtmgUWGe9UOG2Z25NqCwiIjRhOf5iKGuzSe5P2w1laq+FkRy4p+PCuVkJSGkzTEKVw=="
    },
    "typescript": {
      "version": "4.5.4",
      "resolved": "https://registry.npmjs.org/typescript/-/typescript-4.5.4.tgz",
      "integrity": "sha512-VgYs2A2QIRuGphtzFV7aQJduJ2gyfTljngLzjpfW9FoYZF6xuw1W0vW9ghCKLfcWrCFxK81CSGRAvS1pn4fIUg=="
    }
  }
}
